// !$*UTF8*$!
{
	archiveVersion = 1;
	classes = {
	};
	objectVersion = 56;
	objects = {

/* Begin PBXBuildFile section */
		91E0C0A62ACBBCC60052667B /* AniApp.swift in Sources */ = {isa = PBXBuildFile; fileRef = 91E0C0A52ACBBCC60052667B /* AniApp.swift */; };
		91E0C0A82ACBBCC60052667B /* ContentView.swift in Sources */ = {isa = PBXBuildFile; fileRef = 91E0C0A72ACBBCC60052667B /* ContentView.swift */; };
		91E0C0AA2ACBBCC70052667B /* Assets.xcassets in Resources */ = {isa = PBXBuildFile; fileRef = 91E0C0A92ACBBCC70052667B /* Assets.xcassets */; };
		91E0C0AD2ACBBCC70052667B /* Preview Assets.xcassets in Resources */ = {isa = PBXBuildFile; fileRef = 91E0C0AC2ACBBCC70052667B /* Preview Assets.xcassets */; };
		91E0C0B72ACBBCC70052667B /* AniTests.swift in Sources */ = {isa = PBXBuildFile; fileRef = 91E0C0B62ACBBCC70052667B /* AniTests.swift */; };
		91E0C0C12ACBBCC70052667B /* AniUITests.swift in Sources */ = {isa = PBXBuildFile; fileRef = 91E0C0C02ACBBCC70052667B /* AniUITests.swift */; };
		91E0C0C32ACBBCC70052667B /* AniUITestsLaunchTests.swift in Sources */ = {isa = PBXBuildFile; fileRef = 91E0C0C22ACBBCC70052667B /* AniUITestsLaunchTests.swift */; };
		91E0C0D12ACBC2980052667B /* GoogleService-Info.plist in Resources */ = {isa = PBXBuildFile; fileRef = 91E0C0D02ACBC2980052667B /* GoogleService-Info.plist */; };
		91E0C0D42ACBC4DE0052667B /* FirebaseAnalytics in Frameworks */ = {isa = PBXBuildFile; productRef = 91E0C0D32ACBC4DE0052667B /* FirebaseAnalytics */; };
		91E0C0D62ACBC4DE0052667B /* FirebaseAnalyticsSwift in Frameworks */ = {isa = PBXBuildFile; productRef = 91E0C0D52ACBC4DE0052667B /* FirebaseAnalyticsSwift */; };
		91E0C0D82ACBC4DE0052667B /* FirebaseAuth in Frameworks */ = {isa = PBXBuildFile; productRef = 91E0C0D72ACBC4DE0052667B /* FirebaseAuth */; };
		91E0C0DA2ACBC4DE0052667B /* FirebaseDatabase in Frameworks */ = {isa = PBXBuildFile; productRef = 91E0C0D92ACBC4DE0052667B /* FirebaseDatabase */; };
		91E0C0DC2ACBC4DE0052667B /* FirebaseDatabaseSwift in Frameworks */ = {isa = PBXBuildFile; productRef = 91E0C0DB2ACBC4DE0052667B /* FirebaseDatabaseSwift */; };
/* End PBXBuildFile section */

/* Begin PBXContainerItemProxy section */
		91E0C0B32ACBBCC70052667B /* PBXContainerItemProxy */ = {
			isa = PBXContainerItemProxy;
			containerPortal = 91E0C09A2ACBBCC60052667B /* Project object */;
			proxyType = 1;
			remoteGlobalIDString = 91E0C0A12ACBBCC60052667B;
			remoteInfo = Ani;
		};
		91E0C0BD2ACBBCC70052667B /* PBXContainerItemProxy */ = {
			isa = PBXContainerItemProxy;
			containerPortal = 91E0C09A2ACBBCC60052667B /* Project object */;
			proxyType = 1;
			remoteGlobalIDString = 91E0C0A12ACBBCC60052667B;
			remoteInfo = Ani;
		};
/* End PBXContainerItemProxy section */

/* Begin PBXFileReference section */
		91E0C0A22ACBBCC60052667B /* Ani.app */ = {isa = PBXFileReference; explicitFileType = wrapper.application; includeInIndex = 0; path = Ani.app; sourceTree = BUILT_PRODUCTS_DIR; };
		91E0C0A52ACBBCC60052667B /* AniApp.swift */ = {isa = PBXFileReference; lastKnownFileType = sourcecode.swift; path = AniApp.swift; sourceTree = "<group>"; };
		91E0C0A72ACBBCC60052667B /* ContentView.swift */ = {isa = PBXFileReference; lastKnownFileType = sourcecode.swift; path = ContentView.swift; sourceTree = "<group>"; };
		91E0C0A92ACBBCC70052667B /* Assets.xcassets */ = {isa = PBXFileReference; lastKnownFileType = folder.assetcatalog; path = Assets.xcassets; sourceTree = "<group>"; };
		91E0C0AC2ACBBCC70052667B /* Preview Assets.xcassets */ = {isa = PBXFileReference; lastKnownFileType = folder.assetcatalog; path = "Preview Assets.xcassets"; sourceTree = "<group>"; };
		91E0C0B22ACBBCC70052667B /* AniTests.xctest */ = {isa = PBXFileReference; explicitFileType = wrapper.cfbundle; includeInIndex = 0; path = AniTests.xctest; sourceTree = BUILT_PRODUCTS_DIR; };
		91E0C0B62ACBBCC70052667B /* AniTests.swift */ = {isa = PBXFileReference; lastKnownFileType = sourcecode.swift; path = AniTests.swift; sourceTree = "<group>"; };
		91E0C0BC2ACBBCC70052667B /* AniUITests.xctest */ = {isa = PBXFileReference; explicitFileType = wrapper.cfbundle; includeInIndex = 0; path = AniUITests.xctest; sourceTree = BUILT_PRODUCTS_DIR; };
		91E0C0C02ACBBCC70052667B /* AniUITests.swift */ = {isa = PBXFileReference; lastKnownFileType = sourcecode.swift; path = AniUITests.swift; sourceTree = "<group>"; };
		91E0C0C22ACBBCC70052667B /* AniUITestsLaunchTests.swift */ = {isa = PBXFileReference; lastKnownFileType = sourcecode.swift; path = AniUITestsLaunchTests.swift; sourceTree = "<group>"; };
		91E0C0D02ACBC2980052667B /* GoogleService-Info.plist */ = {isa = PBXFileReference; fileEncoding = 4; lastKnownFileType = text.plist.xml; path = "GoogleService-Info.plist"; sourceTree = "<group>"; };
/* End PBXFileReference section */

/* Begin PBXFrameworksBuildPhase section */
		91E0C09F2ACBBCC60052667B /* Frameworks */ = {
			isa = PBXFrameworksBuildPhase;
			buildActionMask = 2147483647;
			files = (
				91E0C0DC2ACBC4DE0052667B /* FirebaseDatabaseSwift in Frameworks */,
				91E0C0D62ACBC4DE0052667B /* FirebaseAnalyticsSwift in Frameworks */,
				91E0C0D82ACBC4DE0052667B /* FirebaseAuth in Frameworks */,
				91E0C0DA2ACBC4DE0052667B /* FirebaseDatabase in Frameworks */,
				91E0C0D42ACBC4DE0052667B /* FirebaseAnalytics in Frameworks */,
			);
			runOnlyForDeploymentPostprocessing = 0;
		};
		91E0C0AF2ACBBCC70052667B /* Frameworks */ = {
			isa = PBXFrameworksBuildPhase;
			buildActionMask = 2147483647;
			files = (
			);
			runOnlyForDeploymentPostprocessing = 0;
		};
		91E0C0B92ACBBCC70052667B /* Frameworks */ = {
			isa = PBXFrameworksBuildPhase;
			buildActionMask = 2147483647;
			files = (
			);
			runOnlyForDeploymentPostprocessing = 0;
		};
/* End PBXFrameworksBuildPhase section */

/* Begin PBXGroup section */
		91E0C0992ACBBCC60052667B = {
			isa = PBXGroup;
			children = (
				91E0C0A42ACBBCC60052667B /* Ani */,
				91E0C0B52ACBBCC70052667B /* AniTests */,
				91E0C0BF2ACBBCC70052667B /* AniUITests */,
				91E0C0A32ACBBCC60052667B /* Products */,
			);
			sourceTree = "<group>";
		};
		91E0C0A32ACBBCC60052667B /* Products */ = {
			isa = PBXGroup;
			children = (
				91E0C0A22ACBBCC60052667B /* Ani.app */,
				91E0C0B22ACBBCC70052667B /* AniTests.xctest */,
				91E0C0BC2ACBBCC70052667B /* AniUITests.xctest */,
			);
			name = Products;
			sourceTree = "<group>";
		};
		91E0C0A42ACBBCC60052667B /* Ani */ = {
			isa = PBXGroup;
			children = (
				91E0C0D02ACBC2980052667B /* GoogleService-Info.plist */,
				91E0C0CF2ACBC13F0052667B /* Components */,
				91E0C0A52ACBBCC60052667B /* AniApp.swift */,
				91E0C0A72ACBBCC60052667B /* ContentView.swift */,
				91E0C0A92ACBBCC70052667B /* Assets.xcassets */,
				91E0C0AB2ACBBCC70052667B /* Preview Content */,
			);
			path = Ani;
			sourceTree = "<group>";
		};
		91E0C0AB2ACBBCC70052667B /* Preview Content */ = {
			isa = PBXGroup;
			children = (
				91E0C0AC2ACBBCC70052667B /* Preview Assets.xcassets */,
			);
			path = "Preview Content";
			sourceTree = "<group>";
		};
		91E0C0B52ACBBCC70052667B /* AniTests */ = {
			isa = PBXGroup;
			children = (
				91E0C0B62ACBBCC70052667B /* AniTests.swift */,
			);
			path = AniTests;
			sourceTree = "<group>";
		};
		91E0C0BF2ACBBCC70052667B /* AniUITests */ = {
			isa = PBXGroup;
			children = (
				91E0C0C02ACBBCC70052667B /* AniUITests.swift */,
				91E0C0C22ACBBCC70052667B /* AniUITestsLaunchTests.swift */,
			);
			path = AniUITests;
			sourceTree = "<group>";
		};
		91E0C0CF2ACBC13F0052667B /* Components */ = {
			isa = PBXGroup;
			children = (
			);
			path = Components;
			sourceTree = "<group>";
		};
/* End PBXGroup section */

/* Begin PBXNativeTarget section */
		91E0C0A12ACBBCC60052667B /* Ani */ = {
			isa = PBXNativeTarget;
			buildConfigurationList = 91E0C0C62ACBBCC70052667B /* Build configuration list for PBXNativeTarget "Ani" */;
			buildPhases = (
				91E0C09E2ACBBCC60052667B /* Sources */,
				91E0C09F2ACBBCC60052667B /* Frameworks */,
				91E0C0A02ACBBCC60052667B /* Resources */,
			);
			buildRules = (
			);
			dependencies = (
			);
			name = Ani;
			packageProductDependencies = (
				91E0C0D32ACBC4DE0052667B /* FirebaseAnalytics */,
				91E0C0D52ACBC4DE0052667B /* FirebaseAnalyticsSwift */,
				91E0C0D72ACBC4DE0052667B /* FirebaseAuth */,
				91E0C0D92ACBC4DE0052667B /* FirebaseDatabase */,
				91E0C0DB2ACBC4DE0052667B /* FirebaseDatabaseSwift */,
			);
			productName = Ani;
			productReference = 91E0C0A22ACBBCC60052667B /* Ani.app */;
			productType = "com.apple.product-type.application";
		};
		91E0C0B12ACBBCC70052667B /* AniTests */ = {
			isa = PBXNativeTarget;
			buildConfigurationList = 91E0C0C92ACBBCC70052667B /* Build configuration list for PBXNativeTarget "AniTests" */;
			buildPhases = (
				91E0C0AE2ACBBCC70052667B /* Sources */,
				91E0C0AF2ACBBCC70052667B /* Frameworks */,
				91E0C0B02ACBBCC70052667B /* Resources */,
			);
			buildRules = (
			);
			dependencies = (
				91E0C0B42ACBBCC70052667B /* PBXTargetDependency */,
			);
			name = AniTests;
			productName = AniTests;
			productReference = 91E0C0B22ACBBCC70052667B /* AniTests.xctest */;
			productType = "com.apple.product-type.bundle.unit-test";
		};
		91E0C0BB2ACBBCC70052667B /* AniUITests */ = {
			isa = PBXNativeTarget;
			buildConfigurationList = 91E0C0CC2ACBBCC70052667B /* Build configuration list for PBXNativeTarget "AniUITests" */;
			buildPhases = (
				91E0C0B82ACBBCC70052667B /* Sources */,
				91E0C0B92ACBBCC70052667B /* Frameworks */,
				91E0C0BA2ACBBCC70052667B /* Resources */,
			);
			buildRules = (
			);
			dependencies = (
				91E0C0BE2ACBBCC70052667B /* PBXTargetDependency */,
			);
			name = AniUITests;
			productName = AniUITests;
			productReference = 91E0C0BC2ACBBCC70052667B /* AniUITests.xctest */;
			productType = "com.apple.product-type.bundle.ui-testing";
		};
/* End PBXNativeTarget section */

/* Begin PBXProject section */
		91E0C09A2ACBBCC60052667B /* Project object */ = {
			isa = PBXProject;
			attributes = {
				BuildIndependentTargetsInParallel = 1;
				LastSwiftUpdateCheck = 1430;
				LastUpgradeCheck = 1430;
				TargetAttributes = {
					91E0C0A12ACBBCC60052667B = {
						CreatedOnToolsVersion = 14.3.1;
					};
					91E0C0B12ACBBCC70052667B = {
						CreatedOnToolsVersion = 14.3.1;
						TestTargetID = 91E0C0A12ACBBCC60052667B;
					};
					91E0C0BB2ACBBCC70052667B = {
						CreatedOnToolsVersion = 14.3.1;
						TestTargetID = 91E0C0A12ACBBCC60052667B;
					};
				};
			};
			buildConfigurationList = 91E0C09D2ACBBCC60052667B /* Build configuration list for PBXProject "Ani" */;
			compatibilityVersion = "Xcode 14.0";
			developmentRegion = en;
			hasScannedForEncodings = 0;
			knownRegions = (
				en,
				Base,
			);
			mainGroup = 91E0C0992ACBBCC60052667B;
			packageReferences = (
				91E0C0D22ACBC4DE0052667B /* XCRemoteSwiftPackageReference "firebase-ios-sdk" */,
			);
			productRefGroup = 91E0C0A32ACBBCC60052667B /* Products */;
			projectDirPath = "";
			projectRoot = "";
			targets = (
				91E0C0A12ACBBCC60052667B /* Ani */,
				91E0C0B12ACBBCC70052667B /* AniTests */,
				91E0C0BB2ACBBCC70052667B /* AniUITests */,
			);
		};
/* End PBXProject section */

/* Begin PBXResourcesBuildPhase section */
		91E0C0A02ACBBCC60052667B /* Resources */ = {
			isa = PBXResourcesBuildPhase;
			buildActionMask = 2147483647;
			files = (
				91E0C0AD2ACBBCC70052667B /* Preview Assets.xcassets in Resources */,
				91E0C0AA2ACBBCC70052667B /* Assets.xcassets in Resources */,
				91E0C0D12ACBC2980052667B /* GoogleService-Info.plist in Resources */,
			);
			runOnlyForDeploymentPostprocessing = 0;
		};
		91E0C0B02ACBBCC70052667B /* Resources */ = {
			isa = PBXResourcesBuildPhase;
			buildActionMask = 2147483647;
			files = (
			);
			runOnlyForDeploymentPostprocessing = 0;
		};
		91E0C0BA2ACBBCC70052667B /* Resources */ = {
			isa = PBXResourcesBuildPhase;
			buildActionMask = 2147483647;
			files = (
			);
			runOnlyForDeploymentPostprocessing = 0;
		};
/* End PBXResourcesBuildPhase section */

/* Begin PBXSourcesBuildPhase section */
		91E0C09E2ACBBCC60052667B /* Sources */ = {
			isa = PBXSourcesBuildPhase;
			buildActionMask = 2147483647;
			files = (
				91E0C0A82ACBBCC60052667B /* ContentView.swift in Sources */,
				91E0C0A62ACBBCC60052667B /* AniApp.swift in Sources */,
			);
			runOnlyForDeploymentPostprocessing = 0;
		};
		91E0C0AE2ACBBCC70052667B /* Sources */ = {
			isa = PBXSourcesBuildPhase;
			buildActionMask = 2147483647;
			files = (
				91E0C0B72ACBBCC70052667B /* AniTests.swift in Sources */,
			);
			runOnlyForDeploymentPostprocessing = 0;
		};
		91E0C0B82ACBBCC70052667B /* Sources */ = {
			isa = PBXSourcesBuildPhase;
			buildActionMask = 2147483647;
			files = (
				91E0C0C12ACBBCC70052667B /* AniUITests.swift in Sources */,
				91E0C0C32ACBBCC70052667B /* AniUITestsLaunchTests.swift in Sources */,
			);
			runOnlyForDeploymentPostprocessing = 0;
		};
/* End PBXSourcesBuildPhase section */

/* Begin PBXTargetDependency section */
		91E0C0B42ACBBCC70052667B /* PBXTargetDependency */ = {
			isa = PBXTargetDependency;
			target = 91E0C0A12ACBBCC60052667B /* Ani */;
			targetProxy = 91E0C0B32ACBBCC70052667B /* PBXContainerItemProxy */;
		};
		91E0C0BE2ACBBCC70052667B /* PBXTargetDependency */ = {
			isa = PBXTargetDependency;
			target = 91E0C0A12ACBBCC60052667B /* Ani */;
			targetProxy = 91E0C0BD2ACBBCC70052667B /* PBXContainerItemProxy */;
		};
/* End PBXTargetDependency section */

/* Begin XCBuildConfiguration section */
		91E0C0C42ACBBCC70052667B /* Debug */ = {
			isa = XCBuildConfiguration;
			buildSettings = {
				ALWAYS_SEARCH_USER_PATHS = NO;
				CLANG_ANALYZER_NONNULL = YES;
				CLANG_ANALYZER_NUMBER_OBJECT_CONVERSION = YES_AGGRESSIVE;
				CLANG_CXX_LANGUAGE_STANDARD = "gnu++20";
				CLANG_ENABLE_MODULES = YES;
				CLANG_ENABLE_OBJC_ARC = YES;
				CLANG_ENABLE_OBJC_WEAK = YES;
				CLANG_WARN_BLOCK_CAPTURE_AUTORELEASING = YES;
				CLANG_WARN_BOOL_CONVERSION = YES;
				CLANG_WARN_COMMA = YES;
				CLANG_WARN_CONSTANT_CONVERSION = YES;
				CLANG_WARN_DEPRECATED_OBJC_IMPLEMENTATIONS = YES;
				CLANG_WARN_DIRECT_OBJC_ISA_USAGE = YES_ERROR;
				CLANG_WARN_DOCUMENTATION_COMMENTS = YES;
				CLANG_WARN_EMPTY_BODY = YES;
				CLANG_WARN_ENUM_CONVERSION = YES;
				CLANG_WARN_INFINITE_RECURSION = YES;
				CLANG_WARN_INT_CONVERSION = YES;
				CLANG_WARN_NON_LITERAL_NULL_CONVERSION = YES;
				CLANG_WARN_OBJC_IMPLICIT_RETAIN_SELF = YES;
				CLANG_WARN_OBJC_LITERAL_CONVERSION = YES;
				CLANG_WARN_OBJC_ROOT_CLASS = YES_ERROR;
				CLANG_WARN_QUOTED_INCLUDE_IN_FRAMEWORK_HEADER = YES;
				CLANG_WARN_RANGE_LOOP_ANALYSIS = YES;
				CLANG_WARN_STRICT_PROTOTYPES = YES;
				CLANG_WARN_SUSPICIOUS_MOVE = YES;
				CLANG_WARN_UNGUARDED_AVAILABILITY = YES_AGGRESSIVE;
				CLANG_WARN_UNREACHABLE_CODE = YES;
				CLANG_WARN__DUPLICATE_METHOD_MATCH = YES;
				COPY_PHASE_STRIP = NO;
				DEBUG_INFORMATION_FORMAT = dwarf;
				ENABLE_STRICT_OBJC_MSGSEND = YES;
				ENABLE_TESTABILITY = YES;
				GCC_C_LANGUAGE_STANDARD = gnu11;
				GCC_DYNAMIC_NO_PIC = NO;
				GCC_NO_COMMON_BLOCKS = YES;
				GCC_OPTIMIZATION_LEVEL = 0;
				GCC_PREPROCESSOR_DEFINITIONS = (
					"DEBUG=1",
					"$(inherited)",
				);
				GCC_WARN_64_TO_32_BIT_CONVERSION = YES;
				GCC_WARN_ABOUT_RETURN_TYPE = YES_ERROR;
				GCC_WARN_UNDECLARED_SELECTOR = YES;
				GCC_WARN_UNINITIALIZED_AUTOS = YES_AGGRESSIVE;
				GCC_WARN_UNUSED_FUNCTION = YES;
				GCC_WARN_UNUSED_VARIABLE = YES;
				IPHONEOS_DEPLOYMENT_TARGET = 16.4;
				MTL_ENABLE_DEBUG_INFO = INCLUDE_SOURCE;
				MTL_FAST_MATH = YES;
				ONLY_ACTIVE_ARCH = YES;
				SDKROOT = iphoneos;
				SWIFT_ACTIVE_COMPILATION_CONDITIONS = DEBUG;
				SWIFT_OPTIMIZATION_LEVEL = "-Onone";
			};
			name = Debug;
		};
		91E0C0C52ACBBCC70052667B /* Release */ = {
			isa = XCBuildConfiguration;
			buildSettings = {
				ALWAYS_SEARCH_USER_PATHS = NO;
				CLANG_ANALYZER_NONNULL = YES;
				CLANG_ANALYZER_NUMBER_OBJECT_CONVERSION = YES_AGGRESSIVE;
				CLANG_CXX_LANGUAGE_STANDARD = "gnu++20";
				CLANG_ENABLE_MODULES = YES;
				CLANG_ENABLE_OBJC_ARC = YES;
				CLANG_ENABLE_OBJC_WEAK = YES;
				CLANG_WARN_BLOCK_CAPTURE_AUTORELEASING = YES;
				CLANG_WARN_BOOL_CONVERSION = YES;
				CLANG_WARN_COMMA = YES;
				CLANG_WARN_CONSTANT_CONVERSION = YES;
				CLANG_WARN_DEPRECATED_OBJC_IMPLEMENTATIONS = YES;
				CLANG_WARN_DIRECT_OBJC_ISA_USAGE = YES_ERROR;
				CLANG_WARN_DOCUMENTATION_COMMENTS = YES;
				CLANG_WARN_EMPTY_BODY = YES;
				CLANG_WARN_ENUM_CONVERSION = YES;
				CLANG_WARN_INFINITE_RECURSION = YES;
				CLANG_WARN_INT_CONVERSION = YES;
				CLANG_WARN_NON_LITERAL_NULL_CONVERSION = YES;
				CLANG_WARN_OBJC_IMPLICIT_RETAIN_SELF = YES;
				CLANG_WARN_OBJC_LITERAL_CONVERSION = YES;
				CLANG_WARN_OBJC_ROOT_CLASS = YES_ERROR;
				CLANG_WARN_QUOTED_INCLUDE_IN_FRAMEWORK_HEADER = YES;
				CLANG_WARN_RANGE_LOOP_ANALYSIS = YES;
				CLANG_WARN_STRICT_PROTOTYPES = YES;
				CLANG_WARN_SUSPICIOUS_MOVE = YES;
				CLANG_WARN_UNGUARDED_AVAILABILITY = YES_AGGRESSIVE;
				CLANG_WARN_UNREACHABLE_CODE = YES;
				CLANG_WARN__DUPLICATE_METHOD_MATCH = YES;
				COPY_PHASE_STRIP = NO;
				DEBUG_INFORMATION_FORMAT = "dwarf-with-dsym";
				ENABLE_NS_ASSERTIONS = NO;
				ENABLE_STRICT_OBJC_MSGSEND = YES;
				GCC_C_LANGUAGE_STANDARD = gnu11;
				GCC_NO_COMMON_BLOCKS = YES;
				GCC_WARN_64_TO_32_BIT_CONVERSION = YES;
				GCC_WARN_ABOUT_RETURN_TYPE = YES_ERROR;
				GCC_WARN_UNDECLARED_SELECTOR = YES;
				GCC_WARN_UNINITIALIZED_AUTOS = YES_AGGRESSIVE;
				GCC_WARN_UNUSED_FUNCTION = YES;
				GCC_WARN_UNUSED_VARIABLE = YES;
				IPHONEOS_DEPLOYMENT_TARGET = 16.4;
				MTL_ENABLE_DEBUG_INFO = NO;
				MTL_FAST_MATH = YES;
				SDKROOT = iphoneos;
				SWIFT_COMPILATION_MODE = wholemodule;
				SWIFT_OPTIMIZATION_LEVEL = "-O";
				VALIDATE_PRODUCT = YES;
			};
			name = Release;
		};
		91E0C0C72ACBBCC70052667B /* Debug */ = {
			isa = XCBuildConfiguration;
			buildSettings = {
				ASSETCATALOG_COMPILER_APPICON_NAME = AppIcon;
				ASSETCATALOG_COMPILER_GLOBAL_ACCENT_COLOR_NAME = AccentColor;
				CODE_SIGN_STYLE = Automatic;
				CURRENT_PROJECT_VERSION = 1;
				DEVELOPMENT_ASSET_PATHS = "\"Ani/Preview Content\"";
				DEVELOPMENT_TEAM = 6W6969MRHR;
				ENABLE_PREVIEWS = YES;
				GENERATE_INFOPLIST_FILE = YES;
				INFOPLIST_KEY_UIApplicationSceneManifest_Generation = YES;
				INFOPLIST_KEY_UIApplicationSupportsIndirectInputEvents = YES;
				INFOPLIST_KEY_UILaunchScreen_Generation = YES;
				INFOPLIST_KEY_UISupportedInterfaceOrientations_iPad = "UIInterfaceOrientationPortrait UIInterfaceOrientationPortraitUpsideDown UIInterfaceOrientationLandscapeLeft UIInterfaceOrientationLandscapeRight";
				INFOPLIST_KEY_UISupportedInterfaceOrientations_iPhone = "UIInterfaceOrientationPortrait UIInterfaceOrientationLandscapeLeft UIInterfaceOrientationLandscapeRight";
				IPHONEOS_DEPLOYMENT_TARGET = 15.0;
				LD_RUNPATH_SEARCH_PATHS = (
					"$(inherited)",
					"@executable_path/Frameworks",
				);
				MARKETING_VERSION = 1.0;
				PRODUCT_BUNDLE_IDENTIFIER = juliet.Ani;
				PRODUCT_NAME = "$(TARGET_NAME)";
				SWIFT_EMIT_LOC_STRINGS = YES;
				SWIFT_VERSION = 5.0;
				TARGETED_DEVICE_FAMILY = "1,2";
			};
			name = Debug;
		};
		91E0C0C82ACBBCC70052667B /* Release */ = {
			isa = XCBuildConfiguration;
			buildSettings = {
				ASSETCATALOG_COMPILER_APPICON_NAME = AppIcon;
				ASSETCATALOG_COMPILER_GLOBAL_ACCENT_COLOR_NAME = AccentColor;
				CODE_SIGN_STYLE = Automatic;
				CURRENT_PROJECT_VERSION = 1;
				DEVELOPMENT_ASSET_PATHS = "\"Ani/Preview Content\"";
				DEVELOPMENT_TEAM = 6W6969MRHR;
				ENABLE_PREVIEWS = YES;
				GENERATE_INFOPLIST_FILE = YES;
				INFOPLIST_KEY_UIApplicationSceneManifest_Generation = YES;
				INFOPLIST_KEY_UIApplicationSupportsIndirectInputEvents = YES;
				INFOPLIST_KEY_UILaunchScreen_Generation = YES;
				INFOPLIST_KEY_UISupportedInterfaceOrientations_iPad = "UIInterfaceOrientationPortrait UIInterfaceOrientationPortraitUpsideDown UIInterfaceOrientationLandscapeLeft UIInterfaceOrientationLandscapeRight";
				INFOPLIST_KEY_UISupportedInterfaceOrientations_iPhone = "UIInterfaceOrientationPortrait UIInterfaceOrientationLandscapeLeft UIInterfaceOrientationLandscapeRight";
				IPHONEOS_DEPLOYMENT_TARGET = 15.0;
				LD_RUNPATH_SEARCH_PATHS = (
					"$(inherited)",
					"@executable_path/Frameworks",
				);
				MARKETING_VERSION = 1.0;
				PRODUCT_BUNDLE_IDENTIFIER = juliet.Ani;
				PRODUCT_NAME = "$(TARGET_NAME)";
				SWIFT_EMIT_LOC_STRINGS = YES;
				SWIFT_VERSION = 5.0;
				TARGETED_DEVICE_FAMILY = "1,2";
			};
			name = Release;
		};
		91E0C0CA2ACBBCC70052667B /* Debug */ = {
			isa = XCBuildConfiguration;
			buildSettings = {
				ALWAYS_EMBED_SWIFT_STANDARD_LIBRARIES = YES;
				BUNDLE_LOADER = "$(TEST_HOST)";
				CODE_SIGN_STYLE = Automatic;
				CURRENT_PROJECT_VERSION = 1;
				DEVELOPMENT_TEAM = 6W6969MRHR;
				GENERATE_INFOPLIST_FILE = YES;
				IPHONEOS_DEPLOYMENT_TARGET = 16.4;
				MARKETING_VERSION = 1.0;
				PRODUCT_BUNDLE_IDENTIFIER = juliet.AniTests;
				PRODUCT_NAME = "$(TARGET_NAME)";
				SWIFT_EMIT_LOC_STRINGS = NO;
				SWIFT_VERSION = 5.0;
				TARGETED_DEVICE_FAMILY = "1,2";
				TEST_HOST = "$(BUILT_PRODUCTS_DIR)/Ani.app/$(BUNDLE_EXECUTABLE_FOLDER_PATH)/Ani";
			};
			name = Debug;
		};
		91E0C0CB2ACBBCC70052667B /* Release */ = {
			isa = XCBuildConfiguration;
			buildSettings = {
				ALWAYS_EMBED_SWIFT_STANDARD_LIBRARIES = YES;
				BUNDLE_LOADER = "$(TEST_HOST)";
				CODE_SIGN_STYLE = Automatic;
				CURRENT_PROJECT_VERSION = 1;
				DEVELOPMENT_TEAM = 6W6969MRHR;
				GENERATE_INFOPLIST_FILE = YES;
				IPHONEOS_DEPLOYMENT_TARGET = 16.4;
				MARKETING_VERSION = 1.0;
				PRODUCT_BUNDLE_IDENTIFIER = juliet.AniTests;
				PRODUCT_NAME = "$(TARGET_NAME)";
				SWIFT_EMIT_LOC_STRINGS = NO;
				SWIFT_VERSION = 5.0;
				TARGETED_DEVICE_FAMILY = "1,2";
				TEST_HOST = "$(BUILT_PRODUCTS_DIR)/Ani.app/$(BUNDLE_EXECUTABLE_FOLDER_PATH)/Ani";
			};
			name = Release;
		};
		91E0C0CD2ACBBCC70052667B /* Debug */ = {
			isa = XCBuildConfiguration;
			buildSettings = {
				ALWAYS_EMBED_SWIFT_STANDARD_LIBRARIES = YES;
				CODE_SIGN_STYLE = Automatic;
				CURRENT_PROJECT_VERSION = 1;
				DEVELOPMENT_TEAM = 6W6969MRHR;
				GENERATE_INFOPLIST_FILE = YES;
				MARKETING_VERSION = 1.0;
				PRODUCT_BUNDLE_IDENTIFIER = juliet.AniUITests;
				PRODUCT_NAME = "$(TARGET_NAME)";
				SWIFT_EMIT_LOC_STRINGS = NO;
				SWIFT_VERSION = 5.0;
				TARGETED_DEVICE_FAMILY = "1,2";
				TEST_TARGET_NAME = Ani;
			};
			name = Debug;
		};
		91E0C0CE2ACBBCC70052667B /* Release */ = {
			isa = XCBuildConfiguration;
			buildSettings = {
				ALWAYS_EMBED_SWIFT_STANDARD_LIBRARIES = YES;
				CODE_SIGN_STYLE = Automatic;
				CURRENT_PROJECT_VERSION = 1;
				DEVELOPMENT_TEAM = 6W6969MRHR;
				GENERATE_INFOPLIST_FILE = YES;
				MARKETING_VERSION = 1.0;
				PRODUCT_BUNDLE_IDENTIFIER = juliet.AniUITests;
				PRODUCT_NAME = "$(TARGET_NAME)";
				SWIFT_EMIT_LOC_STRINGS = NO;
				SWIFT_VERSION = 5.0;
				TARGETED_DEVICE_FAMILY = "1,2";
				TEST_TARGET_NAME = Ani;
			};
			name = Release;
		};
/* End XCBuildConfiguration section */

/* Begin XCConfigurationList section */
		91E0C09D2ACBBCC60052667B /* Build configuration list for PBXProject "Ani" */ = {
			isa = XCConfigurationList;
			buildConfigurations = (
				91E0C0C42ACBBCC70052667B /* Debug */,
				91E0C0C52ACBBCC70052667B /* Release */,
			);
			defaultConfigurationIsVisible = 0;
			defaultConfigurationName = Release;
		};
		91E0C0C62ACBBCC70052667B /* Build configuration list for PBXNativeTarget "Ani" */ = {
			isa = XCConfigurationList;
			buildConfigurations = (
				91E0C0C72ACBBCC70052667B /* Debug */,
				91E0C0C82ACBBCC70052667B /* Release */,
			);
			defaultConfigurationIsVisible = 0;
			defaultConfigurationName = Release;
		};
		91E0C0C92ACBBCC70052667B /* Build configuration list for PBXNativeTarget "AniTests" */ = {
			isa = XCConfigurationList;
			buildConfigurations = (
				91E0C0CA2ACBBCC70052667B /* Debug */,
				91E0C0CB2ACBBCC70052667B /* Release */,
			);
			defaultConfigurationIsVisible = 0;
			defaultConfigurationName = Release;
		};
		91E0C0CC2ACBBCC70052667B /* Build configuration list for PBXNativeTarget "AniUITests" */ = {
			isa = XCConfigurationList;
			buildConfigurations = (
				91E0C0CD2ACBBCC70052667B /* Debug */,
				91E0C0CE2ACBBCC70052667B /* Release */,
			);
			defaultConfigurationIsVisible = 0;
			defaultConfigurationName = Release;
		};
/* End XCConfigurationList section */

/* Begin XCRemoteSwiftPackageReference section */
		91E0C0D22ACBC4DE0052667B /* XCRemoteSwiftPackageReference "firebase-ios-sdk" */ = {
			isa = XCRemoteSwiftPackageReference;
			repositoryURL = "https://github.com/firebase/firebase-ios-sdk";
			requirement = {
				kind = upToNextMajorVersion;
				minimumVersion = 10.0.0;
			};
		};
/* End XCRemoteSwiftPackageReference section */

/* Begin XCSwiftPackageProductDependency section */
		91E0C0D32ACBC4DE0052667B /* FirebaseAnalytics */ = {
			isa = XCSwiftPackageProductDependency;
			package = 91E0C0D22ACBC4DE0052667B /* XCRemoteSwiftPackageReference "firebase-ios-sdk" */;
			productName = FirebaseAnalytics;
		};
		91E0C0D52ACBC4DE0052667B /* FirebaseAnalyticsSwift */ = {
			isa = XCSwiftPackageProductDependency;
			package = 91E0C0D22ACBC4DE0052667B /* XCRemoteSwiftPackageReference "firebase-ios-sdk" */;
			productName = FirebaseAnalyticsSwift;
		};
		91E0C0D72ACBC4DE0052667B /* FirebaseAuth */ = {
			isa = XCSwiftPackageProductDependency;
			package = 91E0C0D22ACBC4DE0052667B /* XCRemoteSwiftPackageReference "firebase-ios-sdk" */;
			productName = FirebaseAuth;
		};
		91E0C0D92ACBC4DE0052667B /* FirebaseDatabase */ = {
			isa = XCSwiftPackageProductDependency;
			package = 91E0C0D22ACBC4DE0052667B /* XCRemoteSwiftPackageReference "firebase-ios-sdk" */;
			productName = FirebaseDatabase;
		};
		91E0C0DB2ACBC4DE0052667B /* FirebaseDatabaseSwift */ = {
			isa = XCSwiftPackageProductDependency;
			package = 91E0C0D22ACBC4DE0052667B /* XCRemoteSwiftPackageReference "firebase-ios-sdk" */;
			productName = FirebaseDatabaseSwift;
		};
/* End XCSwiftPackageProductDependency section */
	};
	rootObject = 91E0C09A2ACBBCC60052667B /* Project object */;
}
